
Microsoft Visual Studio Solution File, Format Version 12.00
# Visual Studio Version 17
VisualStudioVersion = 17.5.33414.496
MinimumVisualStudioVersion = 10.0.40219.1
Project("{FAE04EC0-301F-11D3-BF4B-00C04F79EFBC}") = "WateringServer", "WateringServer\WateringServer.csproj", "{269C496F-830D-4AD4-A5E3-FFB607D13FBB}"
EndProject
Global
	GlobalSection(SolutionConfigurationPlatforms) = preSolution
		Debug|Any CPU = Debug|Any CPU
		Release|Any CPU = Release|Any CPU
	EndGlobalSection
	GlobalSection(ProjectConfigurationPlatforms) = postSolution
		{269C496F-830D-4AD4-A5E3-FFB607D13FBB}.Debug|Any CPU.ActiveCfg = Debug|Any CPU
		{269C496F-830D-4AD4-A5E3-FFB607D13FBB}.Debug|Any CPU.Build.0 = Debug|Any CPU
		{269C496F-830D-4AD4-A5E3-FFB607D13FBB}.Release|Any CPU.ActiveCfg = Release|Any CPU
		{269C496F-830D-4AD4-A5E3-FFB607D13FBB}.Release|Any CPU.Build.0 = Release|Any CPU
	EndGlobalSection
	GlobalSection(SolutionProperties) = preSolution
		HideSolutionNode = FALSE
	EndGlobalSection
	GlobalSection(ExtensibilityGlobals) = postSolution
		SolutionGuid = {8C570AA0-B037-48EB-B656-6FCB30183D86}
	EndGlobalSection
EndGlobal
